
Microsoft Visual Studio Solution File, Format Version 12.00
# Visual Studio Version 16
VisualStudioVersion = 16.0.29006.145
MinimumVisualStudioVersion = 10.0.40219.1
Project("{9A19103F-16F7-4668-BE54-9A1E7A4F7556}") = "BlazorStrap", "src\BlazorStrap\BlazorStrap.csproj", "{051B1529-0E91-4FAA-AB28-4FC4ACD5960F}"
EndProject
Project("{9A19103F-16F7-4668-BE54-9A1E7A4F7556}") = "ClientSideSample", "src\Sample\ClientSideSample.csproj", "{5FC0514A-81B3-4612-B2D1-A956DD2BFA42}"
EndProject
Project("{2150E333-8FDC-42A3-9474-1A3956D46DE8}") = "Solution Items", "Solution Items", "{8BC77845-4555-4F8B-9502-0F1619F0BA2D}"
	ProjectSection(SolutionItems) = preProject
		.editorconfig = .editorconfig
		README.md = README.md
	EndProjectSection
EndProject
Project("{9A19103F-16F7-4668-BE54-9A1E7A4F7556}") = "ServerSideSample", "src\ServerSideSample\ServerSideSample.csproj", "{77827EA4-2260-4CCF-88C8-C56194652E89}"
EndProject
Project("{9A19103F-16F7-4668-BE54-9A1E7A4F7556}") = "SampleCore", "src\SampleCore\SampleCore.csproj", "{187ADD64-BE4F-4EA4-B74D-12A851826BE2}"
EndProject
Project("{9A19103F-16F7-4668-BE54-9A1E7A4F7556}") = "BlazorStrap.Extensions.FluentValidation", "src\BlazorStrap.Extensions.FluentValidation\BlazorStrap.Extensions.FluentValidation.csproj", "{B63CBB2F-799B-45FB-9AAC-43D41755C80F}"
EndProject
Project("{FAE04EC0-301F-11D3-BF4B-00C04F79EFBC}") = "BlazorStrap.DataTemplates", "BlazorStrap.DataTemplates\BlazorStrap.DataTemplates.csproj", "{B8DE544E-1972-412C-A7ED-4F2C16A58814}"
EndProject
Global
	GlobalSection(SolutionConfigurationPlatforms) = preSolution
		Debug|Any CPU = Debug|Any CPU
		Debug|x64 = Debug|x64
		Debug|x86 = Debug|x86
		Release|Any CPU = Release|Any CPU
		Release|x64 = Release|x64
		Release|x86 = Release|x86
	EndGlobalSection
	GlobalSection(ProjectConfigurationPlatforms) = postSolution
		{051B1529-0E91-4FAA-AB28-4FC4ACD5960F}.Debug|Any CPU.ActiveCfg = Debug|Any CPU
		{051B1529-0E91-4FAA-AB28-4FC4ACD5960F}.Debug|Any CPU.Build.0 = Debug|Any CPU
		{051B1529-0E91-4FAA-AB28-4FC4ACD5960F}.Debug|x64.ActiveCfg = Debug|x64
		{051B1529-0E91-4FAA-AB28-4FC4ACD5960F}.Debug|x64.Build.0 = Debug|x64
		{051B1529-0E91-4FAA-AB28-4FC4ACD5960F}.Debug|x86.ActiveCfg = Debug|x86
		{051B1529-0E91-4FAA-AB28-4FC4ACD5960F}.Debug|x86.Build.0 = Debug|x86
		{051B1529-0E91-4FAA-AB28-4FC4ACD5960F}.Release|Any CPU.ActiveCfg = Release|Any CPU
		{051B1529-0E91-4FAA-AB28-4FC4ACD5960F}.Release|Any CPU.Build.0 = Release|Any CPU
		{051B1529-0E91-4FAA-AB28-4FC4ACD5960F}.Release|x64.ActiveCfg = Release|x64
		{051B1529-0E91-4FAA-AB28-4FC4ACD5960F}.Release|x64.Build.0 = Release|x64
		{051B1529-0E91-4FAA-AB28-4FC4ACD5960F}.Release|x86.ActiveCfg = Release|x86
		{051B1529-0E91-4FAA-AB28-4FC4ACD5960F}.Release|x86.Build.0 = Release|x86
		{5FC0514A-81B3-4612-B2D1-A956DD2BFA42}.Debug|Any CPU.ActiveCfg = Debug|Any CPU
		{5FC0514A-81B3-4612-B2D1-A956DD2BFA42}.Debug|Any CPU.Build.0 = Debug|Any CPU
		{5FC0514A-81B3-4612-B2D1-A956DD2BFA42}.Debug|x64.ActiveCfg = Debug|Any CPU
		{5FC0514A-81B3-4612-B2D1-A956DD2BFA42}.Debug|x64.Build.0 = Debug|Any CPU
		{5FC0514A-81B3-4612-B2D1-A956DD2BFA42}.Debug|x86.ActiveCfg = Debug|Any CPU
		{5FC0514A-81B3-4612-B2D1-A956DD2BFA42}.Debug|x86.Build.0 = Debug|Any CPU
		{5FC0514A-81B3-4612-B2D1-A956DD2BFA42}.Release|Any CPU.ActiveCfg = Release|Any CPU
		{5FC0514A-81B3-4612-B2D1-A956DD2BFA42}.Release|Any CPU.Build.0 = Release|Any CPU
		{5FC0514A-81B3-4612-B2D1-A956DD2BFA42}.Release|x64.ActiveCfg = Release|Any CPU
		{5FC0514A-81B3-4612-B2D1-A956DD2BFA42}.Release|x64.Build.0 = Release|Any CPU
		{5FC0514A-81B3-4612-B2D1-A956DD2BFA42}.Release|x86.ActiveCfg = Release|Any CPU
		{5FC0514A-81B3-4612-B2D1-A956DD2BFA42}.Release|x86.Build.0 = Release|Any CPU
		{77827EA4-2260-4CCF-88C8-C56194652E89}.Debug|Any CPU.ActiveCfg = Debug|Any CPU
		{77827EA4-2260-4CCF-88C8-C56194652E89}.Debug|Any CPU.Build.0 = Debug|Any CPU
		{77827EA4-2260-4CCF-88C8-C56194652E89}.Debug|x64.ActiveCfg = Debug|Any CPU
		{77827EA4-2260-4CCF-88C8-C56194652E89}.Debug|x64.Build.0 = Debug|Any CPU
		{77827EA4-2260-4CCF-88C8-C56194652E89}.Debug|x86.ActiveCfg = Debug|Any CPU
		{77827EA4-2260-4CCF-88C8-C56194652E89}.Debug|x86.Build.0 = Debug|Any CPU
		{77827EA4-2260-4CCF-88C8-C56194652E89}.Release|Any CPU.ActiveCfg = Release|Any CPU
		{77827EA4-2260-4CCF-88C8-C56194652E89}.Release|Any CPU.Build.0 = Release|Any CPU
		{77827EA4-2260-4CCF-88C8-C56194652E89}.Release|x64.ActiveCfg = Release|Any CPU
		{77827EA4-2260-4CCF-88C8-C56194652E89}.Release|x64.Build.0 = Release|Any CPU
		{77827EA4-2260-4CCF-88C8-C56194652E89}.Release|x86.ActiveCfg = Release|Any CPU
		{77827EA4-2260-4CCF-88C8-C56194652E89}.Release|x86.Build.0 = Release|Any CPU
		{187ADD64-BE4F-4EA4-B74D-12A851826BE2}.Debug|Any CPU.ActiveCfg = Debug|Any CPU
		{187ADD64-BE4F-4EA4-B74D-12A851826BE2}.Debug|Any CPU.Build.0 = Debug|Any CPU
		{187ADD64-BE4F-4EA4-B74D-12A851826BE2}.Debug|x64.ActiveCfg = Debug|Any CPU
		{187ADD64-BE4F-4EA4-B74D-12A851826BE2}.Debug|x64.Build.0 = Debug|Any CPU
		{187ADD64-BE4F-4EA4-B74D-12A851826BE2}.Debug|x86.ActiveCfg = Debug|Any CPU
		{187ADD64-BE4F-4EA4-B74D-12A851826BE2}.Debug|x86.Build.0 = Debug|Any CPU
		{187ADD64-BE4F-4EA4-B74D-12A851826BE2}.Release|Any CPU.ActiveCfg = Release|Any CPU
		{187ADD64-BE4F-4EA4-B74D-12A851826BE2}.Release|Any CPU.Build.0 = Release|Any CPU
		{187ADD64-BE4F-4EA4-B74D-12A851826BE2}.Release|x64.ActiveCfg = Release|Any CPU
		{187ADD64-BE4F-4EA4-B74D-12A851826BE2}.Release|x64.Build.0 = Release|Any CPU
		{187ADD64-BE4F-4EA4-B74D-12A851826BE2}.Release|x86.ActiveCfg = Release|Any CPU
		{187ADD64-BE4F-4EA4-B74D-12A851826BE2}.Release|x86.Build.0 = Release|Any CPU
		{B63CBB2F-799B-45FB-9AAC-43D41755C80F}.Debug|Any CPU.ActiveCfg = Debug|Any CPU
		{B63CBB2F-799B-45FB-9AAC-43D41755C80F}.Debug|Any CPU.Build.0 = Debug|Any CPU
		{B63CBB2F-799B-45FB-9AAC-43D41755C80F}.Debug|x64.ActiveCfg = Debug|x64
		{B63CBB2F-799B-45FB-9AAC-43D41755C80F}.Debug|x64.Build.0 = Debug|x64
		{B63CBB2F-799B-45FB-9AAC-43D41755C80F}.Debug|x86.ActiveCfg = Debug|x86
		{B63CBB2F-799B-45FB-9AAC-43D41755C80F}.Debug|x86.Build.0 = Debug|x86
		{B63CBB2F-799B-45FB-9AAC-43D41755C80F}.Release|Any CPU.ActiveCfg = Release|Any CPU
		{B63CBB2F-799B-45FB-9AAC-43D41755C80F}.Release|Any CPU.Build.0 = Release|Any CPU
		{B63CBB2F-799B-45FB-9AAC-43D41755C80F}.Release|x64.ActiveCfg = Release|x64
		{B63CBB2F-799B-45FB-9AAC-43D41755C80F}.Release|x64.Build.0 = Release|x64
		{B63CBB2F-799B-45FB-9AAC-43D41755C80F}.Release|x86.ActiveCfg = Release|x86
		{B63CBB2F-799B-45FB-9AAC-43D41755C80F}.Release|x86.Build.0 = Release|x86
		{B8DE544E-1972-412C-A7ED-4F2C16A58814}.Debug|Any CPU.ActiveCfg = Debug|Any CPU
		{B8DE544E-1972-412C-A7ED-4F2C16A58814}.Debug|Any CPU.Build.0 = Debug|Any CPU
		{B8DE544E-1972-412C-A7ED-4F2C16A58814}.Debug|x64.ActiveCfg = Debug|Any CPU
		{B8DE544E-1972-412C-A7ED-4F2C16A58814}.Debug|x64.Build.0 = Debug|Any CPU
		{B8DE544E-1972-412C-A7ED-4F2C16A58814}.Debug|x86.ActiveCfg = Debug|Any CPU
		{B8DE544E-1972-412C-A7ED-4F2C16A58814}.Debug|x86.Build.0 = Debug|Any CPU
		{B8DE544E-1972-412C-A7ED-4F2C16A58814}.Release|Any CPU.ActiveCfg = Release|Any CPU
		{B8DE544E-1972-412C-A7ED-4F2C16A58814}.Release|Any CPU.Build.0 = Release|Any CPU
		{B8DE544E-1972-412C-A7ED-4F2C16A58814}.Release|x64.ActiveCfg = Release|Any CPU
		{B8DE544E-1972-412C-A7ED-4F2C16A58814}.Release|x64.Build.0 = Release|Any CPU
		{B8DE544E-1972-412C-A7ED-4F2C16A58814}.Release|x86.ActiveCfg = Release|Any CPU
		{B8DE544E-1972-412C-A7ED-4F2C16A58814}.Release|x86.Build.0 = Release|Any CPU
	EndGlobalSection
	GlobalSection(SolutionProperties) = preSolution
		HideSolutionNode = FALSE
	EndGlobalSection
	GlobalSection(ExtensibilityGlobals) = postSolution
		SolutionGuid = {45FC41D9-3D70-40A4-A9D0-938945CCBF73}
	EndGlobalSection
EndGlobal
